
Microsoft Visual Studio Solution File, Format Version 12.00
# Visual Studio Version 16
VisualStudioVersion = 16.0.30907.101
MinimumVisualStudioVersion = 10.0.40219.1
Project("{FAE04EC0-301F-11D3-BF4B-00C04F79EFBC}") = "HelloWorldService", "HelloWorldService\HelloWorldService.csproj", "{5A183287-6AA4-44E0-B175-941F9D331884}"
EndProject
Global
	GlobalSection(SolutionConfigurationPlatforms) = preSolution
		Debug|Any CPU = Debug|Any CPU
		Release|Any CPU = Release|Any CPU
	EndGlobalSection
	GlobalSection(ProjectConfigurationPlatforms) = postSolution
		{5A183287-6AA4-44E0-B175-941F9D331884}.Debug|Any CPU.ActiveCfg = Debug|Any CPU
		{5A183287-6AA4-44E0-B175-941F9D331884}.Debug|Any CPU.Build.0 = Debug|Any CPU
		{5A183287-6AA4-44E0-B175-941F9D331884}.Release|Any CPU.ActiveCfg = Release|Any CPU
		{5A183287-6AA4-44E0-B175-941F9D331884}.Release|Any CPU.Build.0 = Release|Any CPU
	EndGlobalSection
	GlobalSection(SolutionProperties) = preSolution
		HideSolutionNode = FALSE
	EndGlobalSection
	GlobalSection(ExtensibilityGlobals) = postSolution
		SolutionGuid = {78979C34-229C-41A2-A927-7802EF60768D}
	EndGlobalSection
EndGlobal
